<?xml version="1.0" encoding="utf-8"?>
<Project ToolsVersion="4.0" xmlns="http://schemas.microsoft.com/developer/msbuild/2003">
  <ItemGroup>
    <ClCompile Include="SRC\AISystem.cpp" />
    <ClCompile Include="SRC\Assets.cpp" />
    <ClCompile Include="SRC\ButtonComponent.cpp" />
    <ClCompile Include="SRC\DoorComponent.cpp" />
    <ClCompile Include="SRC\Command.cpp" />
    <ClCompile Include="SRC\ControlComponent.cpp" />
    <ClCompile Include="Src\ControlSystem.cpp" />
    <ClCompile Include="SRC\Game.cpp" />
    <ClCompile Include="SRC\HealthComponent.cpp" />
    <ClCompile Include="SRC\HealthSystem.cpp" />
    <ClCompile Include="SRC\Level.cpp" />
    <ClCompile Include="SRC\main.cpp" />
    <ClCompile Include="SRC\PositionComponent.cpp" />
    <ClCompile Include="SRC\RenderComponent.cpp" />
    <ClCompile Include="SRC\RenderSystem.cpp" />
    <ClCompile Include="SRC\System.cpp" />
    <ClCompile Include="SRC\TrapComponent.cpp" />
    <ClCompile Include="SRC\ButtonSystem.cpp" />
    <ClCompile Include="Src\Xbox360Controller.cpp" />
    <ClCompile Include="Src\CollisionComponent.cpp" />
    <ClCompile Include="Src\CollisionSystem.cpp" />
    <ClCompile Include="Src\PlayerComponent.cpp" />
<<<<<<< HEAD
    <ClCompile Include="SRC\AnimationComponent.cpp" />
=======
    <ClCompile Include="SRC\GoalComponent.cpp" />
>>>>>>> 83ab7524e39251b518b4780bf65011a5e0d957e5
  </ItemGroup>
  <ItemGroup>
    <ClInclude Include="INCLUDE\Command.h" />
    <ClInclude Include="Include\ComponentsEnum.h" />
    <ClInclude Include="INCLUDE\ControlComponent.h" />
    <ClInclude Include="Include\cute_c2.h" />
    <ClInclude Include="INCLUDE\AISystem.h" />
    <ClInclude Include="INCLUDE\Assets.h" />
    <ClInclude Include="INCLUDE\ButtonComponent.h" />
    <ClInclude Include="INCLUDE\Component.h" />
    <ClInclude Include="INCLUDE\ControlSystem.h" />
    <ClInclude Include="INCLUDE\DoorComponent.h" />
    <ClInclude Include="INCLUDE\Entity.h" />
    <ClInclude Include="INCLUDE\Game.h" />
    <ClInclude Include="INCLUDE\HealthComponent.h" />
    <ClInclude Include="INCLUDE\HealthSystem.h" />
    <ClInclude Include="INCLUDE\Level.h" />
    <ClInclude Include="INCLUDE\MoveCommand.h" />
    <ClInclude Include="INCLUDE\PositionComponent.h" />
    <ClInclude Include="INCLUDE\RenderComponent.h" />
    <ClInclude Include="INCLUDE\RenderSystem.h" />
    <ClInclude Include="INCLUDE\System.h" />
    <ClInclude Include="INCLUDE\TrapComponent.h" />
    <ClInclude Include="INCLUDE\ButtonSystem.h" />
    <ClInclude Include="Include\Xbox360Controller.h" />
    <ClInclude Include="Include\CollisionComponent.h" />
    <ClInclude Include="Include\CollisionSystem.h" />
    <ClInclude Include="Include\PlayerComponent.h" />
    <ClInclude Include="Include\Globals.h" />
<<<<<<< HEAD
    <ClInclude Include="INCLUDE\AnimationComponent.h" />
=======
    <ClInclude Include="INCLUDE\GoalComponent.h" />
>>>>>>> 83ab7524e39251b518b4780bf65011a5e0d957e5
  </ItemGroup>
</Project>